
Microsoft Visual Studio Solution File, Format Version 12.00
# Visual Studio Version 17
VisualStudioVersion = 17.7.34202.233
MinimumVisualStudioVersion = 10.0.40219.1
Project("{9A19103F-16F7-4668-BE54-9A1E7A4F7556}") = "bctklib", "src\bctklib\bctklib.csproj", "{8EE8DEFE-7D74-484B-A3E6-4505609E6B41}"
EndProject
Project("{2150E333-8FDC-42A3-9474-1A3956D46DE8}") = "src", "src", "{1EE64E6B-20D4-4779-A67D-605BC3612318}"
EndProject
Project("{2150E333-8FDC-42A3-9474-1A3956D46DE8}") = "tests", "tests", "{382D3465-2431-440D-B147-B6E3AD9C495E}"
EndProject
Project("{9A19103F-16F7-4668-BE54-9A1E7A4F7556}") = "test.bctklib", "test\test.bctklib\test.bctklib.csproj", "{84855F00-D547-45F5-9F2D-5EB3233FE23B}"
EndProject
Global
	GlobalSection(SolutionConfigurationPlatforms) = preSolution
		Debug|Any CPU = Debug|Any CPU
		Release|Any CPU = Release|Any CPU
	EndGlobalSection
	GlobalSection(ProjectConfigurationPlatforms) = postSolution
		{8EE8DEFE-7D74-484B-A3E6-4505609E6B41}.Debug|Any CPU.ActiveCfg = Debug|Any CPU
		{8EE8DEFE-7D74-484B-A3E6-4505609E6B41}.Debug|Any CPU.Build.0 = Debug|Any CPU
		{8EE8DEFE-7D74-484B-A3E6-4505609E6B41}.Release|Any CPU.ActiveCfg = Release|Any CPU
		{8EE8DEFE-7D74-484B-A3E6-4505609E6B41}.Release|Any CPU.Build.0 = Release|Any CPU
		{84855F00-D547-45F5-9F2D-5EB3233FE23B}.Debug|Any CPU.ActiveCfg = Debug|Any CPU
		{84855F00-D547-45F5-9F2D-5EB3233FE23B}.Debug|Any CPU.Build.0 = Debug|Any CPU
		{84855F00-D547-45F5-9F2D-5EB3233FE23B}.Release|Any CPU.ActiveCfg = Release|Any CPU
		{84855F00-D547-45F5-9F2D-5EB3233FE23B}.Release|Any CPU.Build.0 = Release|Any CPU
	EndGlobalSection
	GlobalSection(SolutionProperties) = preSolution
		HideSolutionNode = FALSE
	EndGlobalSection
	GlobalSection(NestedProjects) = preSolution
		{8EE8DEFE-7D74-484B-A3E6-4505609E6B41} = {1EE64E6B-20D4-4779-A67D-605BC3612318}
		{84855F00-D547-45F5-9F2D-5EB3233FE23B} = {382D3465-2431-440D-B147-B6E3AD9C495E}
	EndGlobalSection
	GlobalSection(ExtensibilityGlobals) = postSolution
		SolutionGuid = {89AA03DF-99A4-43C4-BFC1-1FC4EE7FC3C5}
	EndGlobalSection
EndGlobal
